---
lockfileVersion: 1
lockfileVendor: redhat
arches:
- arch: aarch64
  packages:
  - url: https://cdn-ubi.redhat.com/content/public/ubi/dist/ubi9/9/aarch64/appstream/os/Packages/c/containers-common-1-96.el9_5.aarch64.rpm
    repoid: ubi-9-for-aarch64-appstream-rpms
    size: 148030
    checksum: sha256:ef0ef043f1747dc597cf034f8543ac55987984d78fbebfb5ec7dd93ff563e649
    name: containers-common
    evr: 2:1-96.el9_5
    sourcerpm: containers-common-1-96.el9_5.src.rpm
  - url: https://cdn-ubi.redhat.com/content/public/ubi/dist/ubi9/9/aarch64/appstream/os/Packages/c/criu-3.19-1.el9.aarch64.rpm
    repoid: ubi-9-for-aarch64-appstream-rpms
    size: 560401
    checksum: sha256:a8d48e547151607ef6b4e2e83d7207c6a5de350a3ae68f0c9a0ee92745d36e1d
    name: criu
    evr: 3.19-1.el9
    sourcerpm: criu-3.19-1.el9.src.rpm
  - url: https://cdn-ubi.redhat.com/content/public/ubi/dist/ubi9/9/aarch64/appstream/os/Packages/c/criu-libs-3.19-1.el9.aarch64.rpm
    repoid: ubi-9-for-aarch64-appstream-rpms
    size: 32980
    checksum: sha256:935aa34ce481fa755270cb502cad148c9b443d48a3994a481d65a23d21ac3844
    name: criu-libs
    evr: 3.19-1.el9
    sourcerpm: criu-3.19-1.el9.src.rpm
  - url: https://cdn-ubi.redhat.com/content/public/ubi/dist/ubi9/9/aarch64/appstream/os/Packages/c/crun-1.16.1-1.el9.aarch64.rpm
    repoid: ubi-9-for-aarch64-appstream-rpms
    size: 217572
    checksum: sha256:ce8156849e756d7c0273fac1464db9ed31ea9bfc8d8a57a3d8c82f6e650102ac
    name: crun
    evr: 1.16.1-1.el9
    sourcerpm: crun-1.16.1-1.el9.src.rpm
  - url: https://cdn-ubi.redhat.com/content/public/ubi/dist/ubi9/9/aarch64/appstream/os/Packages/f/fuse-overlayfs-1.14-1.el9.aarch64.rpm
    repoid: ubi-9-for-aarch64-appstream-rpms
    size: 66963
    checksum: sha256:aa95ce8a964df785e349e8ef3baf12eacde4695be51923fecfdbdc1b69b41933
    name: fuse-overlayfs
    evr: 1.14-1.el9
    sourcerpm: fuse-overlayfs-1.14-1.el9.src.rpm
  - url: https://cdn-ubi.redhat.com/content/public/ubi/dist/ubi9/9/aarch64/appstream/os/Packages/f/fuse3-3.10.2-9.el9.aarch64.rpm
    repoid: ubi-9-for-aarch64-appstream-rpms
    size: 58189
    checksum: sha256:2b911ff36ca332c9a5d0f2b2f088b51e9417d2085ec9c44967102f845825ad0f
    name: fuse3
    evr: 3.10.2-9.el9
    sourcerpm: fuse3-3.10.2-9.el9.src.rpm
  - url: https://cdn-ubi.redhat.com/content/public/ubi/dist/ubi9/9/aarch64/appstream/os/Packages/f/fuse3-libs-3.10.2-9.el9.aarch64.rpm
    repoid: ubi-9-for-aarch64-appstream-rpms
    size: 92984
    checksum: sha256:5996291bc8dbb3d32f5d0ac693a4570dba5fe45631d4ca0552696285ff905370
    name: fuse3-libs
    evr: 3.10.2-9.el9
    sourcerpm: fuse3-3.10.2-9.el9.src.rpm
  - url: https://cdn-ubi.redhat.com/content/public/ubi/dist/ubi9/9/aarch64/appstream/os/Packages/j/jq-1.6-15.el9.aarch64.rpm
    repoid: ubi-9-for-aarch64-appstream-rpms
    size: 187128
    checksum: sha256:e21b572bcb332664bb342fe53d5ced4714ccd5008f2170049ef77fa2162183a0
    name: jq
    evr: 1.6-15.el9
    sourcerpm: jq-1.6-15.el9.src.rpm
  - url: https://cdn-ubi.redhat.com/content/public/ubi/dist/ubi9/9/aarch64/appstream/os/Packages/l/libnet-1.2-7.el9.aarch64.rpm
    repoid: ubi-9-for-aarch64-appstream-rpms
    size: 62963
    checksum: sha256:543b0664c576f91ae8f5563f04c2cb3de65ff514d5ed658ac825aa4d98e860dd
    name: libnet
    evr: 1.2-7.el9
    sourcerpm: libnet-1.2-7.el9.src.rpm
  - url: https://cdn-ubi.redhat.com/content/public/ubi/dist/ubi9/9/aarch64/appstream/os/Packages/l/libslirp-4.4.0-8.el9.aarch64.rpm
    repoid: ubi-9-for-aarch64-appstream-rpms
    size: 70971
    checksum: sha256:12fa772c2e3905244fd6cc9971e2592c12a547ac3e4df66f5f0c6ef1e670067d
    name: libslirp
    evr: 4.4.0-8.el9
    sourcerpm: libslirp-4.4.0-8.el9.src.rpm
  - url: https://cdn-ubi.redhat.com/content/public/ubi/dist/ubi9/9/aarch64/appstream/os/Packages/o/oniguruma-6.9.6-1.el9.5.aarch64.rpm
    repoid: ubi-9-for-aarch64-appstream-rpms
    size: 222582
    checksum: sha256:bc2305dad655ddb94f966158112efd6cefa6824d5aa2e80f63881f16cee74598
    name: oniguruma
    evr: 6.9.6-1.el9.5
    sourcerpm: oniguruma-6.9.6-1.el9.5.src.rpm
  - url: https://cdn-ubi.redhat.com/content/public/ubi/dist/ubi9/9/aarch64/appstream/os/Packages/p/python-unversioned-command-3.9.21-1.el9_5.noarch.rpm
    repoid: ubi-9-for-aarch64-appstream-rpms
    size: 10813
    checksum: sha256:9409fab1b252ea2717b593cdc96227ead9fdf7040c4d5391f33352e3d193842e
    name: python-unversioned-command
    evr: 3.9.21-1.el9_5
    sourcerpm: python3.9-3.9.21-1.el9_5.src.rpm
  - url: https://cdn-ubi.redhat.com/content/public/ubi/dist/ubi9/9/aarch64/appstream/os/Packages/p/python3-pip-21.3.1-1.el9.noarch.rpm
    repoid: ubi-9-for-aarch64-appstream-rpms
    size: 2133958
    checksum: sha256:2ff41d5bbfb5bf09378a499b56d9854e9389e3a8648897426d144f4b385f8730
    name: python3-pip
    evr: 21.3.1-1.el9
    sourcerpm: python-pip-21.3.1-1.el9.src.rpm
  - url: https://cdn-ubi.redhat.com/content/public/ubi/dist/ubi9/9/aarch64/appstream/os/Packages/s/skopeo-1.16.1-2.el9_5.aarch64.rpm
    repoid: ubi-9-for-aarch64-appstream-rpms
    size: 8405099
    checksum: sha256:21d5c4e0f896661b4dd5dc777692a96263d7efed537b23ed505ee122084a2944
    name: skopeo
    evr: 2:1.16.1-2.el9_5
    sourcerpm: skopeo-1.16.1-2.el9_5.src.rpm
  - url: https://cdn-ubi.redhat.com/content/public/ubi/dist/ubi9/9/aarch64/appstream/os/Packages/s/slirp4netns-1.3.1-1.el9.aarch64.rpm
    repoid: ubi-9-for-aarch64-appstream-rpms
    size: 50451
    checksum: sha256:7b6839b71e15f1289503eeaa2bb9cfd36573c04ea91a395f2283b17d254f7b75
    name: slirp4netns
    evr: 1.3.1-1.el9
    sourcerpm: slirp4netns-1.3.1-1.el9.src.rpm
  - url: https://cdn-ubi.redhat.com/content/public/ubi/dist/ubi9/9/aarch64/appstream/os/Packages/y/yajl-2.1.0-22.el9.aarch64.rpm
    repoid: ubi-9-for-aarch64-appstream-rpms
    size: 42214
    checksum: sha256:a7f6bea0943bed2b2a9c49791bba0480086acad8ee6d2c24d18a1d82addfa12f
    name: yajl
    evr: 2.1.0-22.el9
    sourcerpm: yajl-2.1.0-22.el9.src.rpm
  - url: https://cdn-ubi.redhat.com/content/public/ubi/dist/ubi9/9/aarch64/baseos/os/Packages/e/expat-2.5.0-3.el9_5.3.aarch64.rpm
    repoid: ubi-9-for-aarch64-baseos-rpms
    size: 116872
    checksum: sha256:a2e2bc5b5e823259ab88ee943b2ef90ca9494ea6effe68cd41cf1d3626989129
    name: expat
    evr: 2.5.0-3.el9_5.3
    sourcerpm: expat-2.5.0-3.el9_5.3.src.rpm
  - url: https://cdn-ubi.redhat.com/content/public/ubi/dist/ubi9/9/aarch64/baseos/os/Packages/f/fuse-common-3.10.2-9.el9.aarch64.rpm
    repoid: ubi-9-for-aarch64-baseos-rpms
    size: 8718
    checksum: sha256:ee202d37528745e6367791304c4f04af4a84bc9df2027234900186a8bff858f7
    name: fuse-common
    evr: 3.10.2-9.el9
    sourcerpm: fuse3-3.10.2-9.el9.src.rpm
  - url: https://cdn-ubi.redhat.com/content/public/ubi/dist/ubi9/9/aarch64/baseos/os/Packages/k/kmod-28-10.el9.aarch64.rpm
    repoid: ubi-9-for-aarch64-baseos-rpms
    size: 130824
    checksum: sha256:02835d70e5283383d02367e1bb3431a74033bbd1be5e3961e572623e1cbca4ca
    name: kmod
    evr: 28-10.el9
    sourcerpm: kmod-28-10.el9.src.rpm
  - url: https://cdn-ubi.redhat.com/content/public/ubi/dist/ubi9/9/aarch64/baseos/os/Packages/l/libnl3-3.9.0-1.el9.aarch64.rpm
    repoid: ubi-9-for-aarch64-baseos-rpms
    size: 354837
    checksum: sha256:7f6bd8eaf3817e1c31bb23d935820cce6db3538c22d9443fbce95854177f27f4
    name: libnl3
    evr: 3.9.0-1.el9
    sourcerpm: libnl3-3.9.0-1.el9.src.rpm
  - url: https://cdn-ubi.redhat.com/content/public/ubi/dist/ubi9/9/aarch64/baseos/os/Packages/l/libseccomp-2.5.2-2.el9.aarch64.rpm
    repoid: ubi-9-for-aarch64-baseos-rpms
    size: 76024
    checksum: sha256:fc1d5e93483d166ca7f2acb50c04c181db2f3e7b89dba8edc6b1e5f2b0f10619
    name: libseccomp
    evr: 2.5.2-2.el9
    sourcerpm: libseccomp-2.5.2-2.el9.src.rpm
  - url: https://cdn-ubi.redhat.com/content/public/ubi/dist/ubi9/9/aarch64/baseos/os/Packages/p/protobuf-c-1.3.3-13.el9.aarch64.rpm
    repoid: ubi-9-for-aarch64-baseos-rpms
    size: 38582
    checksum: sha256:d68a518f80e00df5e63ba24d4be5058998d857e24b1af316f37001dfc91d3149
    name: protobuf-c
    evr: 1.3.3-13.el9
    sourcerpm: protobuf-c-1.3.3-13.el9.src.rpm
  - url: https://cdn-ubi.redhat.com/content/public/ubi/dist/ubi9/9/aarch64/baseos/os/Packages/p/python3-3.9.21-1.el9_5.aarch64.rpm
    repoid: ubi-9-for-aarch64-baseos-rpms
    size: 30695
    checksum: sha256:8f4c418c5857bee6cc18b91363f80065e15b7455554fbfe047c04b9d61509376
    name: python3
    evr: 3.9.21-1.el9_5
    sourcerpm: python3.9-3.9.21-1.el9_5.src.rpm
  - url: https://cdn-ubi.redhat.com/content/public/ubi/dist/ubi9/9/aarch64/baseos/os/Packages/p/python3-libs-3.9.21-1.el9_5.aarch64.rpm
    repoid: ubi-9-for-aarch64-baseos-rpms
    size: 8474536
    checksum: sha256:eecde68582784a716ed9370f9b23ef83483aed3d5adb4f0614386bd27bc22999
    name: python3-libs
    evr: 3.9.21-1.el9_5
    sourcerpm: python3.9-3.9.21-1.el9_5.src.rpm
  - url: https://cdn-ubi.redhat.com/content/public/ubi/dist/ubi9/9/aarch64/baseos/os/Packages/p/python3-pip-wheel-21.3.1-1.el9.noarch.rpm
    repoid: ubi-9-for-aarch64-baseos-rpms
    size: 1193706
    checksum: sha256:75c46aab03898c66ce16be556432b71aed7efcedce02b9263339c14f57b4fdc0
    name: python3-pip-wheel
    evr: 21.3.1-1.el9
    sourcerpm: python-pip-21.3.1-1.el9.src.rpm
  - url: https://cdn-ubi.redhat.com/content/public/ubi/dist/ubi9/9/aarch64/baseos/os/Packages/p/python3-setuptools-53.0.0-13.el9.noarch.rpm
    repoid: ubi-9-for-aarch64-baseos-rpms
    size: 969726
    checksum: sha256:345f2e3dfa04ccdb65b4c4c9df1900f298acc3bd78dddff66f338fb7e62ccb85
    name: python3-setuptools
    evr: 53.0.0-13.el9
    sourcerpm: python-setuptools-53.0.0-13.el9.src.rpm
  - url: https://cdn-ubi.redhat.com/content/public/ubi/dist/ubi9/9/aarch64/baseos/os/Packages/p/python3-setuptools-wheel-53.0.0-13.el9.noarch.rpm
    repoid: ubi-9-for-aarch64-baseos-rpms
    size: 480100
    checksum: sha256:daf18aa58dd3571cf4258a5a4f67410a1d30ab8c62cd64b2ea99eda5a7f618cf
    name: python3-setuptools-wheel
    evr: 53.0.0-13.el9
    sourcerpm: python-setuptools-53.0.0-13.el9.src.rpm
  - url: https://cdn-ubi.redhat.com/content/public/ubi/dist/ubi9/9/aarch64/baseos/os/Packages/t/tar-1.34-7.el9.aarch64.rpm
    repoid: ubi-9-for-aarch64-baseos-rpms
    size: 900197
    checksum: sha256:44552dea889d350403c3074a33d7cb274b3f57553e47db998745df13f931b458
    name: tar
    evr: 2:1.34-7.el9
    sourcerpm: tar-1.34-7.el9.src.rpm
  source:
  - url: https://cdn-ubi.redhat.com/content/public/ubi/dist/ubi9/9/aarch64/appstream/source/SRPMS/Packages/c/containers-common-1-96.el9_5.src.rpm
    repoid: ubi-9-for-aarch64-appstream-source-rpms
    size: 156851
    checksum: sha256:2912caaa6b6ed261a11727402af6b180b0b88d01680fd1fb8a55e958cc1f5a38
    name: containers-common
    evr: 2:1-96.el9_5
  - url: https://cdn-ubi.redhat.com/content/public/ubi/dist/ubi9/9/aarch64/appstream/source/SRPMS/Packages/c/criu-3.19-1.el9.src.rpm
    repoid: ubi-9-for-aarch64-appstream-source-rpms
    size: 1397103
    checksum: sha256:e9d46b1c6c4ffa968a235504c57a721185ebc89bbc59e700589c908d0c1872f6
    name: criu
    evr: 3.19-1.el9
  - url: https://cdn-ubi.redhat.com/content/public/ubi/dist/ubi9/9/aarch64/appstream/source/SRPMS/Packages/c/crun-1.16.1-1.el9.src.rpm
    repoid: ubi-9-for-aarch64-appstream-source-rpms
    size: 1774114
    checksum: sha256:c92a9c463ad7fc0f4e9fdef9477ed9128dc5116dbf45091188eb11810322248e
    name: crun
    evr: 1.16.1-1.el9
  - url: https://cdn-ubi.redhat.com/content/public/ubi/dist/ubi9/9/aarch64/appstream/source/SRPMS/Packages/f/fuse-overlayfs-1.14-1.el9.src.rpm
    repoid: ubi-9-for-aarch64-appstream-source-rpms
    size: 114235
    checksum: sha256:ed1f6fd4c4c9efc2e499ffcb86c63d0f82657395e579a3f7b8525a4087ba5ece
    name: fuse-overlayfs
    evr: 1.14-1.el9
  - url: https://cdn-ubi.redhat.com/content/public/ubi/dist/ubi9/9/aarch64/appstream/source/SRPMS/Packages/j/jq-1.6-15.el9.src.rpm
    repoid: ubi-9-for-aarch64-appstream-source-rpms
    size: 1472643
    checksum: sha256:0a24a71d0f1ceab183d903f840a6c548e6868cd3f67ea794e57108c313321553
    name: jq
    evr: 1.6-15.el9
  - url: https://cdn-ubi.redhat.com/content/public/ubi/dist/ubi9/9/aarch64/appstream/source/SRPMS/Packages/l/libnet-1.2-7.el9.src.rpm
    repoid: ubi-9-for-aarch64-appstream-source-rpms
    size: 611553
    checksum: sha256:bc2724e7061c48e2038f4f47b433bebccedb4ffc227dc351baaf3d5a52f03b08
    name: libnet
    evr: 1.2-7.el9
  - url: https://cdn-ubi.redhat.com/content/public/ubi/dist/ubi9/9/aarch64/appstream/source/SRPMS/Packages/l/libslirp-4.4.0-8.el9.src.rpm
    repoid: ubi-9-for-aarch64-appstream-source-rpms
    size: 128699
    checksum: sha256:5e740382ebf1511fc7c4fa0c1db0bc72fad624329ff9e359cea75cccbed503e4
    name: libslirp
    evr: 4.4.0-8.el9
  - url: https://cdn-ubi.redhat.com/content/public/ubi/dist/ubi9/9/aarch64/appstream/source/SRPMS/Packages/o/oniguruma-6.9.6-1.el9.5.src.rpm
    repoid: ubi-9-for-aarch64-appstream-source-rpms
    size: 934541
    checksum: sha256:cba17754ccaffd886995aec7f152aadbc5d9932a2a2cdf1d983291c7b2838404
    name: oniguruma
    evr: 6.9.6-1.el9.5
  - url: https://cdn-ubi.redhat.com/content/public/ubi/dist/ubi9/9/aarch64/appstream/source/SRPMS/Packages/s/skopeo-1.16.1-2.el9_5.src.rpm
    repoid: ubi-9-for-aarch64-appstream-source-rpms
    size: 10396055
    checksum: sha256:fce400705e47b168c1dea350f6993614e163cc4dc380e84240285e30709d189f
    name: skopeo
    evr: 2:1.16.1-2.el9_5
  - url: https://cdn-ubi.redhat.com/content/public/ubi/dist/ubi9/9/aarch64/appstream/source/SRPMS/Packages/s/slirp4netns-1.3.1-1.el9.src.rpm
    repoid: ubi-9-for-aarch64-appstream-source-rpms
    size: 75832
    checksum: sha256:e4cdf96b9b628650dfacd33375fb1ff3893f662a9ec2019ced2f8147fbd60d2a
    name: slirp4netns
    evr: 1.3.1-1.el9
  - url: https://cdn-ubi.redhat.com/content/public/ubi/dist/ubi9/9/aarch64/appstream/source/SRPMS/Packages/y/yajl-2.1.0-22.el9.src.rpm
    repoid: ubi-9-for-aarch64-appstream-source-rpms
    size: 101449
    checksum: sha256:79e361ea2094e08f19c5a441a6e839b5424d1c4848d40cd3b3a5bcf1fb4b41f5
    name: yajl
    evr: 2.1.0-22.el9
  - url: https://cdn-ubi.redhat.com/content/public/ubi/dist/ubi9/9/aarch64/baseos/source/SRPMS/Packages/e/expat-2.5.0-3.el9_5.3.src.rpm
    repoid: ubi-9-for-aarch64-baseos-source-rpms
    size: 8369857
    checksum: sha256:7fe4d7bb620cf784d2b603266e81a86e318bd7304fd502ba8c032a13d90e8919
    name: expat
    evr: 2.5.0-3.el9_5.3
  - url: https://cdn-ubi.redhat.com/content/public/ubi/dist/ubi9/9/aarch64/baseos/source/SRPMS/Packages/f/fuse3-3.10.2-9.el9.src.rpm
    repoid: ubi-9-for-aarch64-baseos-source-rpms
    size: 799367
    checksum: sha256:ddfcd07bcdcc07bdabe0f05b2c5c3bb1d6582af9c6b127632dd74f8ca78d56c9
    name: fuse3
    evr: 3.10.2-9.el9
  - url: https://cdn-ubi.redhat.com/content/public/ubi/dist/ubi9/9/aarch64/baseos/source/SRPMS/Packages/k/kmod-28-10.el9.src.rpm
    repoid: ubi-9-for-aarch64-baseos-source-rpms
    size: 582431
    checksum: sha256:28b89be6334167a3a6b3d73c82c11301e1ca065c853b18509eca456c4ee06508
    name: kmod
    evr: 28-10.el9
  - url: https://cdn-ubi.redhat.com/content/public/ubi/dist/ubi9/9/aarch64/baseos/source/SRPMS/Packages/l/libnl3-3.9.0-1.el9.src.rpm
    repoid: ubi-9-for-aarch64-baseos-source-rpms
    size: 5013742
    checksum: sha256:58c3697be0bc4eb3a6981402f10b6f5d00db52e1784f67079e73d170552c3b49
    name: libnl3
    evr: 3.9.0-1.el9
  - url: https://cdn-ubi.redhat.com/content/public/ubi/dist/ubi9/9/aarch64/baseos/source/SRPMS/Packages/l/libseccomp-2.5.2-2.el9.src.rpm
    repoid: ubi-9-for-aarch64-baseos-source-rpms
    size: 653169
    checksum: sha256:43dd0fa2cd26306e2017704075e628bbe675c8731b17848df82f3b59337f1be8
    name: libseccomp
    evr: 2.5.2-2.el9
  - url: https://cdn-ubi.redhat.com/content/public/ubi/dist/ubi9/9/aarch64/baseos/source/SRPMS/Packages/p/protobuf-c-1.3.3-13.el9.src.rpm
    repoid: ubi-9-for-aarch64-baseos-source-rpms
    size: 513224
    checksum: sha256:d4d82978c58a2f9ca8e24b953fd9ac74efee41572ec9649c4f2f183cda98b33f
    name: protobuf-c
    evr: 1.3.3-13.el9
  - url: https://cdn-ubi.redhat.com/content/public/ubi/dist/ubi9/9/aarch64/baseos/source/SRPMS/Packages/p/python-pip-21.3.1-1.el9.src.rpm
    repoid: ubi-9-for-aarch64-baseos-source-rpms
    size: 8984717
    checksum: sha256:cb9e0cca3bd8dc24798cf1fb333d574774ce8288598331d44994d768f33648d3
    name: python-pip
    evr: 21.3.1-1.el9
  - url: https://cdn-ubi.redhat.com/content/public/ubi/dist/ubi9/9/aarch64/baseos/source/SRPMS/Packages/p/python-setuptools-53.0.0-13.el9.src.rpm
    repoid: ubi-9-for-aarch64-baseos-source-rpms
    size: 2081089
    checksum: sha256:45c590d9b7665158618dcb0727fcadf0b72879920db69986fc2035550892a511
    name: python-setuptools
    evr: 53.0.0-13.el9
  - url: https://cdn-ubi.redhat.com/content/public/ubi/dist/ubi9/9/aarch64/baseos/source/SRPMS/Packages/p/python3.9-3.9.21-1.el9_5.src.rpm
    repoid: ubi-9-for-aarch64-baseos-source-rpms
    size: 20273210
    checksum: sha256:ef60fdf847c03312ab61602eb4c4aeac5f04bcc07b7a94178e71d4f5916b8345
    name: python3.9
    evr: 3.9.21-1.el9_5
  - url: https://cdn-ubi.redhat.com/content/public/ubi/dist/ubi9/9/aarch64/baseos/source/SRPMS/Packages/t/tar-1.34-7.el9.src.rpm
    repoid: ubi-9-for-aarch64-baseos-source-rpms
    size: 2261512
    checksum: sha256:d002c400d29e7305fe8a982ab6b9f49ee7a8780e4574b86fc0c5b3d5510ecb22
    name: tar
    evr: 2:1.34-7.el9
  module_metadata: []
